
Microsoft Visual Studio Solution File, Format Version 12.00
# Visual Studio 15
VisualStudioVersion = 15.0.28307.421
MinimumVisualStudioVersion = 10.0.40219.1
Project("{FAE04EC0-301F-11D3-BF4B-00C04F79EFBC}") = "RenderRazorConsole", "RenderRazorConsole\RenderRazorConsole.csproj", "{6A7BF1B3-86EC-4E44-A9A3-6D4E9059E123}"
EndProject
Global
	GlobalSection(SolutionConfigurationPlatforms) = preSolution
		Debug|Any CPU = Debug|Any CPU
		Release|Any CPU = Release|Any CPU
	EndGlobalSection
	GlobalSection(ProjectConfigurationPlatforms) = postSolution
		{6A7BF1B3-86EC-4E44-A9A3-6D4E9059E123}.Debug|Any CPU.ActiveCfg = Debug|Any CPU
		{6A7BF1B3-86EC-4E44-A9A3-6D4E9059E123}.Debug|Any CPU.Build.0 = Debug|Any CPU
		{6A7BF1B3-86EC-4E44-A9A3-6D4E9059E123}.Release|Any CPU.ActiveCfg = Release|Any CPU
		{6A7BF1B3-86EC-4E44-A9A3-6D4E9059E123}.Release|Any CPU.Build.0 = Release|Any CPU
	EndGlobalSection
	GlobalSection(SolutionProperties) = preSolution
		HideSolutionNode = FALSE
	EndGlobalSection
	GlobalSection(ExtensibilityGlobals) = postSolution
		SolutionGuid = {37A65AE5-4FA8-4E29-8913-126D599A6CB3}
	EndGlobalSection
EndGlobal
